
Microsoft Visual Studio Solution File, Format Version 12.00
# Visual Studio Version 17
VisualStudioVersion = 17.4.33213.308
MinimumVisualStudioVersion = 10.0.40219.1
Project("{FAE04EC0-301F-11D3-BF4B-00C04F79EFBC}") = "entrada_de_dados", "entrada_de_dados\entrada_de_dados.csproj", "{228A0052-C183-46C2-9E2C-AC45C447A421}"
EndProject
Global
	GlobalSection(SolutionConfigurationPlatforms) = preSolution
		Debug|Any CPU = Debug|Any CPU
		Release|Any CPU = Release|Any CPU
	EndGlobalSection
	GlobalSection(ProjectConfigurationPlatforms) = postSolution
		{228A0052-C183-46C2-9E2C-AC45C447A421}.Debug|Any CPU.ActiveCfg = Debug|Any CPU
		{228A0052-C183-46C2-9E2C-AC45C447A421}.Debug|Any CPU.Build.0 = Debug|Any CPU
		{228A0052-C183-46C2-9E2C-AC45C447A421}.Release|Any CPU.ActiveCfg = Release|Any CPU
		{228A0052-C183-46C2-9E2C-AC45C447A421}.Release|Any CPU.Build.0 = Release|Any CPU
	EndGlobalSection
	GlobalSection(SolutionProperties) = preSolution
		HideSolutionNode = FALSE
	EndGlobalSection
	GlobalSection(ExtensibilityGlobals) = postSolution
		SolutionGuid = {38EF8FE9-D2DF-4C41-9880-713577885D1D}
	EndGlobalSection
EndGlobal
