
Microsoft Visual Studio Solution File, Format Version 12.00
# Visual Studio Version 17
VisualStudioVersion = 17.4.33213.308
MinimumVisualStudioVersion = 10.0.40219.1
Project("{FAE04EC0-301F-11D3-BF4B-00C04F79EFBC}") = "exr03_nome_idade", "exr03_nome_idade\exr03_nome_idade.csproj", "{F6D4A307-8BD5-4BA0-AED8-403FF5A04D0A}"
EndProject
Global
	GlobalSection(SolutionConfigurationPlatforms) = preSolution
		Debug|Any CPU = Debug|Any CPU
		Release|Any CPU = Release|Any CPU
	EndGlobalSection
	GlobalSection(ProjectConfigurationPlatforms) = postSolution
		{F6D4A307-8BD5-4BA0-AED8-403FF5A04D0A}.Debug|Any CPU.ActiveCfg = Debug|Any CPU
		{F6D4A307-8BD5-4BA0-AED8-403FF5A04D0A}.Debug|Any CPU.Build.0 = Debug|Any CPU
		{F6D4A307-8BD5-4BA0-AED8-403FF5A04D0A}.Release|Any CPU.ActiveCfg = Release|Any CPU
		{F6D4A307-8BD5-4BA0-AED8-403FF5A04D0A}.Release|Any CPU.Build.0 = Release|Any CPU
	EndGlobalSection
	GlobalSection(SolutionProperties) = preSolution
		HideSolutionNode = FALSE
	EndGlobalSection
	GlobalSection(ExtensibilityGlobals) = postSolution
		SolutionGuid = {6BD2FA87-5A19-4B2B-8EE0-DFE9E4B1F43B}
	EndGlobalSection
EndGlobal
