
Microsoft Visual Studio Solution File, Format Version 12.00
# Visual Studio Version 17
VisualStudioVersion = 17.4.33213.308
MinimumVisualStudioVersion = 10.0.40219.1
Project("{FAE04EC0-301F-11D3-BF4B-00C04F79EFBC}") = "entrada_de_dados2", "entrada_de_dados2\entrada_de_dados2.csproj", "{71CCA99F-19E8-452B-A039-0172153F61B4}"
EndProject
Global
	GlobalSection(SolutionConfigurationPlatforms) = preSolution
		Debug|Any CPU = Debug|Any CPU
		Release|Any CPU = Release|Any CPU
	EndGlobalSection
	GlobalSection(ProjectConfigurationPlatforms) = postSolution
		{71CCA99F-19E8-452B-A039-0172153F61B4}.Debug|Any CPU.ActiveCfg = Debug|Any CPU
		{71CCA99F-19E8-452B-A039-0172153F61B4}.Debug|Any CPU.Build.0 = Debug|Any CPU
		{71CCA99F-19E8-452B-A039-0172153F61B4}.Release|Any CPU.ActiveCfg = Release|Any CPU
		{71CCA99F-19E8-452B-A039-0172153F61B4}.Release|Any CPU.Build.0 = Release|Any CPU
	EndGlobalSection
	GlobalSection(SolutionProperties) = preSolution
		HideSolutionNode = FALSE
	EndGlobalSection
	GlobalSection(ExtensibilityGlobals) = postSolution
		SolutionGuid = {A3BD5266-5458-4ED7-B1E1-CABB2D20DD29}
	EndGlobalSection
EndGlobal
