
Microsoft Visual Studio Solution File, Format Version 12.00
# Visual Studio Version 17
VisualStudioVersion = 17.4.33213.308
MinimumVisualStudioVersion = 10.0.40219.1
Project("{FAE04EC0-301F-11D3-BF4B-00C04F79EFBC}") = "testes-processamento", "testes-processamento\testes-processamento.csproj", "{A72B1275-3BC7-4237-8B1C-D0E5B1319167}"
EndProject
Global
	GlobalSection(SolutionConfigurationPlatforms) = preSolution
		Debug|Any CPU = Debug|Any CPU
		Release|Any CPU = Release|Any CPU
	EndGlobalSection
	GlobalSection(ProjectConfigurationPlatforms) = postSolution
		{A72B1275-3BC7-4237-8B1C-D0E5B1319167}.Debug|Any CPU.ActiveCfg = Debug|Any CPU
		{A72B1275-3BC7-4237-8B1C-D0E5B1319167}.Debug|Any CPU.Build.0 = Debug|Any CPU
		{A72B1275-3BC7-4237-8B1C-D0E5B1319167}.Release|Any CPU.ActiveCfg = Release|Any CPU
		{A72B1275-3BC7-4237-8B1C-D0E5B1319167}.Release|Any CPU.Build.0 = Release|Any CPU
	EndGlobalSection
	GlobalSection(SolutionProperties) = preSolution
		HideSolutionNode = FALSE
	EndGlobalSection
	GlobalSection(ExtensibilityGlobals) = postSolution
		SolutionGuid = {7F2A77F2-2A8C-4332-878A-5E6EA9A7F5C6}
	EndGlobalSection
EndGlobal
