
Microsoft Visual Studio Solution File, Format Version 12.00
# Visual Studio Version 17
VisualStudioVersion = 17.4.33213.308
MinimumVisualStudioVersion = 10.0.40219.1
Project("{FAE04EC0-301F-11D3-BF4B-00C04F79EFBC}") = "PrimeiroProjeto", "PrimeiroProjeto\PrimeiroProjeto.csproj", "{61250AE8-CBFF-4208-86B1-A7619FA0CC30}"
EndProject
Global
	GlobalSection(SolutionConfigurationPlatforms) = preSolution
		Debug|Any CPU = Debug|Any CPU
		Release|Any CPU = Release|Any CPU
	EndGlobalSection
	GlobalSection(ProjectConfigurationPlatforms) = postSolution
		{61250AE8-CBFF-4208-86B1-A7619FA0CC30}.Debug|Any CPU.ActiveCfg = Debug|Any CPU
		{61250AE8-CBFF-4208-86B1-A7619FA0CC30}.Debug|Any CPU.Build.0 = Debug|Any CPU
		{61250AE8-CBFF-4208-86B1-A7619FA0CC30}.Release|Any CPU.ActiveCfg = Release|Any CPU
		{61250AE8-CBFF-4208-86B1-A7619FA0CC30}.Release|Any CPU.Build.0 = Release|Any CPU
	EndGlobalSection
	GlobalSection(SolutionProperties) = preSolution
		HideSolutionNode = FALSE
	EndGlobalSection
	GlobalSection(ExtensibilityGlobals) = postSolution
		SolutionGuid = {01A25D7A-DCF9-4AAB-A053-948DA49B0CA0}
	EndGlobalSection
EndGlobal
